
Microsoft Visual Studio Solution File, Format Version 12.00
# Visual Studio Version 17
VisualStudioVersion = 17.10.35027.167
MinimumVisualStudioVersion = 10.0.40219.1
Project("{8BC9CEB8-8B4A-11D0-8D11-00A0C91BC942}") = "Invasion", "Invasion.vcxproj", "{11D4B9BD-77F2-4764-9231-22EF0001376A}"
EndProject
Global
	GlobalSection(SolutionConfigurationPlatforms) = preSolution
		Debug|x64 = Debug|x64
		Debug|x86 = Debug|x86
		Release|x64 = Release|x64
		Release|x86 = Release|x86
	EndGlobalSection
	GlobalSection(ProjectConfigurationPlatforms) = postSolution
		{11D4B9BD-77F2-4764-9231-22EF0001376A}.Debug|x64.ActiveCfg = Debug|x64
		{11D4B9BD-77F2-4764-9231-22EF0001376A}.Debug|x64.Build.0 = Debug|x64
		{11D4B9BD-77F2-4764-9231-22EF0001376A}.Debug|x86.ActiveCfg = Debug|Win32
		{11D4B9BD-77F2-4764-9231-22EF0001376A}.Debug|x86.Build.0 = Debug|Win32
		{11D4B9BD-77F2-4764-9231-22EF0001376A}.Release|x64.ActiveCfg = Release|x64
		{11D4B9BD-77F2-4764-9231-22EF0001376A}.Release|x64.Build.0 = Release|x64
		{11D4B9BD-77F2-4764-9231-22EF0001376A}.Release|x86.ActiveCfg = Release|Win32
		{11D4B9BD-77F2-4764-9231-22EF0001376A}.Release|x86.Build.0 = Release|Win32
	EndGlobalSection
	GlobalSection(SolutionProperties) = preSolution
		HideSolutionNode = FALSE
	EndGlobalSection
	GlobalSection(ExtensibilityGlobals) = postSolution
		SolutionGuid = {4E2F8F10-A3E5-4ED2-AF5D-007A817FE393}
	EndGlobalSection
EndGlobal
